// !$*UTF8*$!
{
	archiveVersion = 1;
	classes = {
	};
	objectVersion = 46;
	objects = {

/* Begin PBXBuildFile section */
		818D98321C74E5D900606F40 /* AppDelegate.swift in Sources */ = {isa = PBXBuildFile; fileRef = 818D98311C74E5D900606F40 /* AppDelegate.swift */; };
		818D98361C74E5D900606F40 /* GameScene.swift in Sources */ = {isa = PBXBuildFile; fileRef = 818D98351C74E5D900606F40 /* GameScene.swift */; };
		818D98381C74E5D900606F40 /* GameViewController.swift in Sources */ = {isa = PBXBuildFile; fileRef = 818D98371C74E5D900606F40 /* GameViewController.swift */; };
		818D983B1C74E5D900606F40 /* Main.storyboard in Resources */ = {isa = PBXBuildFile; fileRef = 818D98391C74E5D900606F40 /* Main.storyboard */; };
		818D983D1C74E5D900606F40 /* Assets.xcassets in Resources */ = {isa = PBXBuildFile; fileRef = 818D983C1C74E5D900606F40 /* Assets.xcassets */; };
		818D98401C74E5D900606F40 /* LaunchScreen.storyboard in Resources */ = {isa = PBXBuildFile; fileRef = 818D983E1C74E5D900606F40 /* LaunchScreen.storyboard */; };
		81AD02C01C74FE1C00B6C5DC /* MyUtils.swift in Sources */ = {isa = PBXBuildFile; fileRef = 81AD02BF1C74FE1C00B6C5DC /* MyUtils.swift */; };
		81AD02C71C75447800B6C5DC /* backgroundMusic.mp3 in Resources */ = {isa = PBXBuildFile; fileRef = 81AD02C21C75447800B6C5DC /* backgroundMusic.mp3 */; };
		81AD02C81C75447800B6C5DC /* hitCat.wav in Resources */ = {isa = PBXBuildFile; fileRef = 81AD02C31C75447800B6C5DC /* hitCat.wav */; };
		81AD02C91C75447800B6C5DC /* hitCatLady.wav in Resources */ = {isa = PBXBuildFile; fileRef = 81AD02C41C75447800B6C5DC /* hitCatLady.wav */; };
		81AD02CA1C75447800B6C5DC /* lose.wav in Resources */ = {isa = PBXBuildFile; fileRef = 81AD02C51C75447800B6C5DC /* lose.wav */; };
		81AD02CB1C75447800B6C5DC /* win.wav in Resources */ = {isa = PBXBuildFile; fileRef = 81AD02C61C75447800B6C5DC /* win.wav */; };
		81AD02EF1C77A1B100B6C5DC /* GameOverScene.swift in Sources */ = {isa = PBXBuildFile; fileRef = 81AD02EE1C77A1B100B6C5DC /* GameOverScene.swift */; };
		81AD02F11C77AC9700B6C5DC /* MainMenuScene.swift in Sources */ = {isa = PBXBuildFile; fileRef = 81AD02F01C77AC9700B6C5DC /* MainMenuScene.swift */; };
		81AD03171C7A998700B6C5DC /* free.txt in Resources */ = {isa = PBXBuildFile; fileRef = 81AD03151C7A998700B6C5DC /* free.txt */; };
		81AD03181C7A998700B6C5DC /* GLIMSTIC.TTF in Resources */ = {isa = PBXBuildFile; fileRef = 81AD03161C7A998700B6C5DC /* GLIMSTIC.TTF */; };
/* End PBXBuildFile section */

/* Begin PBXFileReference section */
		818D982E1C74E5D900606F40 /* ZombieConga.app */ = {isa = PBXFileReference; explicitFileType = wrapper.application; includeInIndex = 0; path = ZombieConga.app; sourceTree = BUILT_PRODUCTS_DIR; };
		818D98311C74E5D900606F40 /* AppDelegate.swift */ = {isa = PBXFileReference; lastKnownFileType = sourcecode.swift; path = AppDelegate.swift; sourceTree = "<group>"; };
		818D98351C74E5D900606F40 /* GameScene.swift */ = {isa = PBXFileReference; lastKnownFileType = sourcecode.swift; path = GameScene.swift; sourceTree = "<group>"; };
		818D98371C74E5D900606F40 /* GameViewController.swift */ = {isa = PBXFileReference; lastKnownFileType = sourcecode.swift; path = GameViewController.swift; sourceTree = "<group>"; };
		818D983A1C74E5D900606F40 /* Base */ = {isa = PBXFileReference; lastKnownFileType = file.storyboard; name = Base; path = Base.lproj/Main.storyboard; sourceTree = "<group>"; };
		818D983C1C74E5D900606F40 /* Assets.xcassets */ = {isa = PBXFileReference; lastKnownFileType = folder.assetcatalog; path = Assets.xcassets; sourceTree = "<group>"; };
		818D983F1C74E5D900606F40 /* Base */ = {isa = PBXFileReference; lastKnownFileType = file.storyboard; name = Base; path = Base.lproj/LaunchScreen.storyboard; sourceTree = "<group>"; };
		818D98411C74E5D900606F40 /* Info.plist */ = {isa = PBXFileReference; lastKnownFileType = text.plist.xml; path = Info.plist; sourceTree = "<group>"; };
		81AD02BF1C74FE1C00B6C5DC /* MyUtils.swift */ = {isa = PBXFileReference; fileEncoding = 4; lastKnownFileType = sourcecode.swift; path = MyUtils.swift; sourceTree = "<group>"; };
		81AD02C21C75447800B6C5DC /* backgroundMusic.mp3 */ = {isa = PBXFileReference; lastKnownFileType = audio.mp3; path = backgroundMusic.mp3; sourceTree = "<group>"; };
		81AD02C31C75447800B6C5DC /* hitCat.wav */ = {isa = PBXFileReference; lastKnownFileType = audio.wav; path = hitCat.wav; sourceTree = "<group>"; };
		81AD02C41C75447800B6C5DC /* hitCatLady.wav */ = {isa = PBXFileReference; lastKnownFileType = audio.wav; path = hitCatLady.wav; sourceTree = "<group>"; };
		81AD02C51C75447800B6C5DC /* lose.wav */ = {isa = PBXFileReference; lastKnownFileType = audio.wav; path = lose.wav; sourceTree = "<group>"; };
		81AD02C61C75447800B6C5DC /* win.wav */ = {isa = PBXFileReference; lastKnownFileType = audio.wav; path = win.wav; sourceTree = "<group>"; };
		81AD02EE1C77A1B100B6C5DC /* GameOverScene.swift */ = {isa = PBXFileReference; fileEncoding = 4; lastKnownFileType = sourcecode.swift; path = GameOverScene.swift; sourceTree = "<group>"; };
		81AD02F01C77AC9700B6C5DC /* MainMenuScene.swift */ = {isa = PBXFileReference; fileEncoding = 4; lastKnownFileType = sourcecode.swift; path = MainMenuScene.swift; sourceTree = "<group>"; };
		81AD03151C7A998700B6C5DC /* free.txt */ = {isa = PBXFileReference; fileEncoding = 4; lastKnownFileType = text; path = free.txt; sourceTree = "<group>"; };
		81AD03161C7A998700B6C5DC /* GLIMSTIC.TTF */ = {isa = PBXFileReference; lastKnownFileType = file; path = GLIMSTIC.TTF; sourceTree = "<group>"; };
/* End PBXFileReference section */

/* Begin PBXFrameworksBuildPhase section */
		818D982B1C74E5D900606F40 /* Frameworks */ = {
			isa = PBXFrameworksBuildPhase;
			buildActionMask = 2147483647;
			files = (
			);
			runOnlyForDeploymentPostprocessing = 0;
		};
/* End PBXFrameworksBuildPhase section */

/* Begin PBXGroup section */
		818D98251C74E5D900606F40 = {
			isa = PBXGroup;
			children = (
				818D98301C74E5D900606F40 /* ZombieConga */,
				818D982F1C74E5D900606F40 /* Products */,
			);
			sourceTree = "<group>";
		};
		818D982F1C74E5D900606F40 /* Products */ = {
			isa = PBXGroup;
			children = (
				818D982E1C74E5D900606F40 /* ZombieConga.app */,
			);
			name = Products;
			sourceTree = "<group>";
		};
		818D98301C74E5D900606F40 /* ZombieConga */ = {
			isa = PBXGroup;
			children = (
				818D98311C74E5D900606F40 /* AppDelegate.swift */,
				81AD02F01C77AC9700B6C5DC /* MainMenuScene.swift */,
				818D98351C74E5D900606F40 /* GameScene.swift */,
				81AD02EE1C77A1B100B6C5DC /* GameOverScene.swift */,
				818D98371C74E5D900606F40 /* GameViewController.swift */,
				818D98391C74E5D900606F40 /* Main.storyboard */,
				81AD03141C7A998700B6C5DC /* glimstick */,
				81AD02C11C75447800B6C5DC /* Sounds */,
				818D983C1C74E5D900606F40 /* Assets.xcassets */,
				818D983E1C74E5D900606F40 /* LaunchScreen.storyboard */,
				81AD02BF1C74FE1C00B6C5DC /* MyUtils.swift */,
				818D98411C74E5D900606F40 /* Info.plist */,
			);
			path = ZombieConga;
			sourceTree = "<group>";
		};
		81AD02C11C75447800B6C5DC /* Sounds */ = {
			isa = PBXGroup;
			children = (
				81AD02C21C75447800B6C5DC /* backgroundMusic.mp3 */,
				81AD02C31C75447800B6C5DC /* hitCat.wav */,
				81AD02C41C75447800B6C5DC /* hitCatLady.wav */,
				81AD02C51C75447800B6C5DC /* lose.wav */,
				81AD02C61C75447800B6C5DC /* win.wav */,
			);
			path = Sounds;
			sourceTree = "<group>";
		};
		81AD03141C7A998700B6C5DC /* glimstick */ = {
			isa = PBXGroup;
			children = (
				81AD03151C7A998700B6C5DC /* free.txt */,
				81AD03161C7A998700B6C5DC /* GLIMSTIC.TTF */,
			);
			path = glimstick;
			sourceTree = "<group>";
		};
/* End PBXGroup section */

/* Begin PBXNativeTarget section */
		818D982D1C74E5D900606F40 /* ZombieConga */ = {
			isa = PBXNativeTarget;
			buildConfigurationList = 818D98441C74E5D900606F40 /* Build configuration list for PBXNativeTarget "ZombieConga" */;
			buildPhases = (
				818D982A1C74E5D900606F40 /* Sources */,
				818D982B1C74E5D900606F40 /* Frameworks */,
				818D982C1C74E5D900606F40 /* Resources */,
			);
			buildRules = (
			);
			dependencies = (
			);
			name = ZombieConga;
			productName = ZombieConga;
			productReference = 818D982E1C74E5D900606F40 /* ZombieConga.app */;
			productType = "com.apple.product-type.application";
		};
/* End PBXNativeTarget section */

/* Begin PBXProject section */
		818D98261C74E5D900606F40 /* Project object */ = {
			isa = PBXProject;
			attributes = {
				LastSwiftUpdateCheck = 0720;
				LastUpgradeCheck = 0720;
				ORGANIZATIONNAME = NoNonsense;
				TargetAttributes = {
					818D982D1C74E5D900606F40 = {
						CreatedOnToolsVersion = 7.2;
						DevelopmentTeam = Y4S292F292;
					};
				};
			};
			buildConfigurationList = 818D98291C74E5D900606F40 /* Build configuration list for PBXProject "ZombieConga" */;
			compatibilityVersion = "Xcode 3.2";
			developmentRegion = English;
			hasScannedForEncodings = 0;
			knownRegions = (
				en,
				Base,
			);
			mainGroup = 818D98251C74E5D900606F40;
			productRefGroup = 818D982F1C74E5D900606F40 /* Products */;
			projectDirPath = "";
			projectRoot = "";
			targets = (
				818D982D1C74E5D900606F40 /* ZombieConga */,
			);
		};
/* End PBXProject section */

/* Begin PBXResourcesBuildPhase section */
		818D982C1C74E5D900606F40 /* Resources */ = {
			isa = PBXResourcesBuildPhase;
			buildActionMask = 2147483647;
			files = (
				818D98401C74E5D900606F40 /* LaunchScreen.storyboard in Resources */,
				81AD02CB1C75447800B6C5DC /* win.wav in Resources */,
				81AD03181C7A998700B6C5DC /* GLIMSTIC.TTF in Resources */,
				81AD02C81C75447800B6C5DC /* hitCat.wav in Resources */,
				818D983D1C74E5D900606F40 /* Assets.xcassets in Resources */,
				81AD02CA1C75447800B6C5DC /* lose.wav in Resources */,
				81AD02C91C75447800B6C5DC /* hitCatLady.wav in Resources */,
				81AD02C71C75447800B6C5DC /* backgroundMusic.mp3 in Resources */,
				81AD03171C7A998700B6C5DC /* free.txt in Resources */,
				818D983B1C74E5D900606F40 /* Main.storyboard in Resources */,
			);
			runOnlyForDeploymentPostprocessing = 0;
		};
/* End PBXResourcesBuildPhase section */

/* Begin PBXSourcesBuildPhase section */
		818D982A1C74E5D900606F40 /* Sources */ = {
			isa = PBXSourcesBuildPhase;
			buildActionMask = 2147483647;
			files = (
				81AD02F11C77AC9700B6C5DC /* MainMenuScene.swift in Sources */,
				81AD02EF1C77A1B100B6C5DC /* GameOverScene.swift in Sources */,
				818D98361C74E5D900606F40 /* GameScene.swift in Sources */,
				818D98381C74E5D900606F40 /* GameViewController.swift in Sources */,
				818D98321C74E5D900606F40 /* AppDelegate.swift in Sources */,
				81AD02C01C74FE1C00B6C5DC /* MyUtils.swift in Sources */,
			);
			runOnlyForDeploymentPostprocessing = 0;
		};
/* End PBXSourcesBuildPhase section */

/* Begin PBXVariantGroup section */
		818D98391C74E5D900606F40 /* Main.storyboard */ = {
			isa = PBXVariantGroup;
			children = (
				818D983A1C74E5D900606F40 /* Base */,
			);
			name = Main.storyboard;
			sourceTree = "<group>";
		};
		818D983E1C74E5D900606F40 /* LaunchScreen.storyboard */ = {
			isa = PBXVariantGroup;
			children = (
				818D983F1C74E5D900606F40 /* Base */,
			);
			name = LaunchScreen.storyboard;
			sourceTree = "<group>";
		};
/* End PBXVariantGroup section */

/* Begin XCBuildConfiguration section */
		818D98421C74E5D900606F40 /* Debug */ = {
			isa = XCBuildConfiguration;
			buildSettings = {
				ALWAYS_SEARCH_USER_PATHS = NO;
				CLANG_CXX_LANGUAGE_STANDARD = "gnu++0x";
				CLANG_CXX_LIBRARY = "libc++";
				CLANG_ENABLE_MODULES = YES;
				CLANG_ENABLE_OBJC_ARC = YES;
				CLANG_WARN_BOOL_CONVERSION = YES;
				CLANG_WARN_CONSTANT_CONVERSION = YES;
				CLANG_WARN_DIRECT_OBJC_ISA_USAGE = YES_ERROR;
				CLANG_WARN_EMPTY_BODY = YES;
				CLANG_WARN_ENUM_CONVERSION = YES;
				CLANG_WARN_INT_CONVERSION = YES;
				CLANG_WARN_OBJC_ROOT_CLASS = YES_ERROR;
				CLANG_WARN_UNREACHABLE_CODE = YES;
				CLANG_WARN__DUPLICATE_METHOD_MATCH = YES;
				"CODE_SIGN_IDENTITY[sdk=iphoneos*]" = "iPhone Developer";
				COPY_PHASE_STRIP = NO;
				DEBUG_INFORMATION_FORMAT = "dwarf-with-dsym";
				ENABLE_STRICT_OBJC_MSGSEND = YES;
				ENABLE_TESTABILITY = YES;
				GCC_C_LANGUAGE_STANDARD = gnu99;
				GCC_DYNAMIC_NO_PIC = NO;
				GCC_NO_COMMON_BLOCKS = YES;
				GCC_OPTIMIZATION_LEVEL = 0;
				GCC_PREPROCESSOR_DEFINITIONS = (
					"DEBUG=1",
					"$(inherited)",
				);
				GCC_WARN_64_TO_32_BIT_CONVERSION = YES;
				GCC_WARN_ABOUT_RETURN_TYPE = YES_ERROR;
				GCC_WARN_UNDECLARED_SELECTOR = YES;
				GCC_WARN_UNINITIALIZED_AUTOS = YES_AGGRESSIVE;
				GCC_WARN_UNUSED_FUNCTION = YES;
				GCC_WARN_UNUSED_VARIABLE = YES;
				IPHONEOS_DEPLOYMENT_TARGET = 9.2;
				MTL_ENABLE_DEBUG_INFO = YES;
				ONLY_ACTIVE_ARCH = YES;
				SDKROOT = iphoneos;
				SWIFT_OPTIMIZATION_LEVEL = "-Onone";
				TARGETED_DEVICE_FAMILY = "1,2";
			};
			name = Debug;
		};
		818D98431C74E5D900606F40 /* Release */ = {
			isa = XCBuildConfiguration;
			buildSettings = {
				ALWAYS_SEARCH_USER_PATHS = NO;
				CLANG_CXX_LANGUAGE_STANDARD = "gnu++0x";
				CLANG_CXX_LIBRARY = "libc++";
				CLANG_ENABLE_MODULES = YES;
				CLANG_ENABLE_OBJC_ARC = YES;
				CLANG_WARN_BOOL_CONVERSION = YES;
				CLANG_WARN_CONSTANT_CONVERSION = YES;
				CLANG_WARN_DIRECT_OBJC_ISA_USAGE = YES_ERROR;
				CLANG_WARN_EMPTY_BODY = YES;
				CLANG_WARN_ENUM_CONVERSION = YES;
				CLANG_WARN_INT_CONVERSION = YES;
				CLANG_WARN_OBJC_ROOT_CLASS = YES_ERROR;
				CLANG_WARN_UNREACHABLE_CODE = YES;
				CLANG_WARN__DUPLICATE_METHOD_MATCH = YES;
				"CODE_SIGN_IDENTITY[sdk=iphoneos*]" = "iPhone Developer";
				COPY_PHASE_STRIP = NO;
				DEBUG_INFORMATION_FORMAT = "dwarf-with-dsym";
				ENABLE_NS_ASSERTIONS = NO;
				ENABLE_STRICT_OBJC_MSGSEND = YES;
				GCC_C_LANGUAGE_STANDARD = gnu99;
				GCC_NO_COMMON_BLOCKS = YES;
				GCC_WARN_64_TO_32_BIT_CONVERSION = YES;
				GCC_WARN_ABOUT_RETURN_TYPE = YES_ERROR;
				GCC_WARN_UNDECLARED_SELECTOR = YES;
				GCC_WARN_UNINITIALIZED_AUTOS = YES_AGGRESSIVE;
				GCC_WARN_UNUSED_FUNCTION = YES;
				GCC_WARN_UNUSED_VARIABLE = YES;
				IPHONEOS_DEPLOYMENT_TARGET = 9.2;
				MTL_ENABLE_DEBUG_INFO = NO;
				SDKROOT = iphoneos;
				TARGETED_DEVICE_FAMILY = "1,2";
				VALIDATE_PRODUCT = YES;
			};
			name = Release;
		};
		818D98451C74E5D900606F40 /* Debug */ = {
			isa = XCBuildConfiguration;
			buildSettings = {
				ASSETCATALOG_COMPILER_APPICON_NAME = AppIcon;
				INFOPLIST_FILE = ZombieConga/Info.plist;
				LD_RUNPATH_SEARCH_PATHS = "$(inherited) @executable_path/Frameworks";
				PRODUCT_BUNDLE_IDENTIFIER = io.nononsense.ZombieConga;
				PRODUCT_NAME = "$(TARGET_NAME)";
			};
			name = Debug;
		};
		818D98461C74E5D900606F40 /* Release */ = {
			isa = XCBuildConfiguration;
			buildSettings = {
				ASSETCATALOG_COMPILER_APPICON_NAME = AppIcon;
				INFOPLIST_FILE = ZombieConga/Info.plist;
				LD_RUNPATH_SEARCH_PATHS = "$(inherited) @executable_path/Frameworks";
				PRODUCT_BUNDLE_IDENTIFIER = io.nononsense.ZombieConga;
				PRODUCT_NAME = "$(TARGET_NAME)";
			};
			name = Release;
		};
/* End XCBuildConfiguration section */

/* Begin XCConfigurationList section */
		818D98291C74E5D900606F40 /* Build configuration list for PBXProject "ZombieConga" */ = {
			isa = XCConfigurationList;
			buildConfigurations = (
				818D98421C74E5D900606F40 /* Debug */,
				818D98431C74E5D900606F40 /* Release */,
			);
			defaultConfigurationIsVisible = 0;
			defaultConfigurationName = Release;
		};
		818D98441C74E5D900606F40 /* Build configuration list for PBXNativeTarget "ZombieConga" */ = {
			isa = XCConfigurationList;
			buildConfigurations = (
				818D98451C74E5D900606F40 /* Debug */,
				818D98461C74E5D900606F40 /* Release */,
			);
			defaultConfigurationIsVisible = 0;
			defaultConfigurationName = Release;
		};
/* End XCConfigurationList section */
	};
	rootObject = 818D98261C74E5D900606F40 /* Project object */;
}
